{
  "name": "@theledger/fabric-chaincode-utils",
  "version": "1.0.0",
  "lockfileVersion": 1,
  "requires": true,
  "dependencies": {
    "@types/jasmine": {
      "version": "2.8.6",
      "resolved": "https://registry.npmjs.org/@types/jasmine/-/jasmine-2.8.6.tgz",
      "integrity": "sha512-clg9raJTY0EOo5pVZKX3ZlMjlYzVU73L71q5OV1jhE2Uezb7oF94jh4CvwrW6wInquQAdhOxJz5VDF2TLUGmmA==",
      "dev": true
    }
  }
}
