{
  "name": "@theledger/fabric-chaincode-utils",
  "version": "1.0.3",
  "lockfileVersion": 1,
  "requires": true,
  "dependencies": {
    "case": {
      "version": "1.5.4",
      "resolved": "https://registry.npmjs.org/case/-/case-1.5.4.tgz",
      "integrity": "sha1-sgFkKq6eN0/rV1DRGBp2hQFTgww="
    },
    "fn-name": {
      "version": "1.0.1",
      "resolved": "https://registry.npmjs.org/fn-name/-/fn-name-1.0.1.tgz",
      "integrity": "sha1-3o2KFTiLM8vyFFeCFx9zdwxgMPA="
    },
    "property-expr": {
      "version": "1.4.0",
      "resolved": "https://registry.npmjs.org/property-expr/-/property-expr-1.4.0.tgz",
      "integrity": "sha512-y77rRLhO7klgjQi9Q3tEGlVu9Ay/Ll2w1oBG7kMD+rU39PDOAgIMfjY3fAt0acuyWABLwkfxLPDOAHqPWKY+7Q=="
    },
    "synchronous-promise": {
      "version": "1.0.18",
      "resolved": "https://registry.npmjs.org/synchronous-promise/-/synchronous-promise-1.0.18.tgz",
      "integrity": "sha512-UqMAK6BBBXu8qaDI5omlyV9iDpM9nQfgthaBOK0nlfXnMgiuOBv+meWG73CGeCCFRhOOOa2e4rvqYzfynzy5zg=="
    },
    "toposort": {
      "version": "0.2.12",
      "resolved": "https://registry.npmjs.org/toposort/-/toposort-0.2.12.tgz",
      "integrity": "sha1-x9KYTz1IwhcxXMMtdwiIt3lJHoE="
    },
    "type-name": {
      "version": "2.0.2",
      "resolved": "https://registry.npmjs.org/type-name/-/type-name-2.0.2.tgz",
      "integrity": "sha1-7+fUEj2KxSr/9/QMfk3sUmYAj7Q="
    },
    "yup": {
      "version": "0.24.1",
      "resolved": "https://registry.npmjs.org/yup/-/yup-0.24.1.tgz",
      "integrity": "sha512-nTs4l4cPd4BcYueB/CKnWjbT6tuMv5nG3Ujes8jOugMYUb+UliZ3jC+LE26yQi6qV/XzbXyJCyRiMtIzsgw42Q==",
      "requires": {
        "case": "1.5.4",
        "fn-name": "1.0.1",
        "lodash": "4.17.5",
        "property-expr": "1.4.0",
        "synchronous-promise": "1.0.18",
        "toposort": "0.2.12",
        "type-name": "2.0.2"
      },
      "dependencies": {
        "lodash": {
          "version": "4.17.5",
          "resolved": "https://registry.npmjs.org/lodash/-/lodash-4.17.5.tgz",
          "integrity": "sha512-svL3uiZf1RwhH+cWrfZn3A4+U58wbP0tGVTLQPbjplZxZ8ROD9VLuNgsRniTlLe7OlSqR79RUehXgpBW/s0IQw=="
        }
      }
    }
  }
}
